
Microsoft Visual Studio Solution File, Format Version 12.00
# Visual Studio Version 17
VisualStudioVersion = 17.3.32901.215
MinimumVisualStudioVersion = 10.0.40219.1
Project("{FAE04EC0-301F-11D3-BF4B-00C04F79EFBC}") = "pryEjPorResolver", "pryEjPorResolver\pryEjPorResolver.csproj", "{8E0F5D0C-1210-4BE5-9548-A72D3C8E44C9}"
EndProject
Project("{FAE04EC0-301F-11D3-BF4B-00C04F79EFBC}") = "pryLeerBaseArchivoTXT", "pryLeerBaseArchivoTXT\pryLeerBaseArchivoTXT.csproj", "{3342A7F4-CA0A-4C56-99FF-FD9B7640D7DD}"
EndProject
Global
	GlobalSection(SolutionConfigurationPlatforms) = preSolution
		Debug|Any CPU = Debug|Any CPU
		Release|Any CPU = Release|Any CPU
	EndGlobalSection
	GlobalSection(ProjectConfigurationPlatforms) = postSolution
		{8E0F5D0C-1210-4BE5-9548-A72D3C8E44C9}.Debug|Any CPU.ActiveCfg = Debug|Any CPU
		{8E0F5D0C-1210-4BE5-9548-A72D3C8E44C9}.Debug|Any CPU.Build.0 = Debug|Any CPU
		{8E0F5D0C-1210-4BE5-9548-A72D3C8E44C9}.Release|Any CPU.ActiveCfg = Release|Any CPU
		{8E0F5D0C-1210-4BE5-9548-A72D3C8E44C9}.Release|Any CPU.Build.0 = Release|Any CPU
		{3342A7F4-CA0A-4C56-99FF-FD9B7640D7DD}.Debug|Any CPU.ActiveCfg = Debug|Any CPU
		{3342A7F4-CA0A-4C56-99FF-FD9B7640D7DD}.Debug|Any CPU.Build.0 = Debug|Any CPU
		{3342A7F4-CA0A-4C56-99FF-FD9B7640D7DD}.Release|Any CPU.ActiveCfg = Release|Any CPU
		{3342A7F4-CA0A-4C56-99FF-FD9B7640D7DD}.Release|Any CPU.Build.0 = Release|Any CPU
	EndGlobalSection
	GlobalSection(SolutionProperties) = preSolution
		HideSolutionNode = FALSE
	EndGlobalSection
	GlobalSection(ExtensibilityGlobals) = postSolution
		SolutionGuid = {B6A92E35-86FE-4AC6-9A67-C31EB23D2F89}
	EndGlobalSection
EndGlobal
